<?xml version="1.0" encoding="utf-8"?>
<Project ToolsVersion="4.0" xmlns="http://schemas.microsoft.com/developer/msbuild/2003">
  <ItemGroup>
    <Filter Include="Source Files">
      <UniqueIdentifier>{4FC737F1-C7A5-4376-A066-2A32D752A2FF}</UniqueIdentifier>
      <Extensions>cpp;c;cc;cxx;c++;cppm;ixx;def;odl;idl;hpj;bat;asm;asmx</Extensions>
    </Filter>
    <Filter Include="Header Files">
      <UniqueIdentifier>{93995380-89BD-4b04-88EB-625FBE52EBFB}</UniqueIdentifier>
      <Extensions>h;hh;hpp;hxx;h++;hm;inl;inc;ipp;xsd</Extensions>
    </Filter>
    <Filter Include="Resource Files">
      <UniqueIdentifier>{67DA6AB6-F800-4c08-8B7A-83BB121AAD01}</UniqueIdentifier>
      <Extensions>rc;ico;cur;bmp;dlg;rc2;rct;bin;rgs;gif;jpg;jpeg;jpe;resx;tiff;tif;png;wav;mfcribbon-ms</Extensions>
    </Filter>
  </ItemGroup>
  <ItemGroup>
    <ClCompile Include="src\Main.cpp">
      <Filter>Source Files</Filter>
    </ClCompile>
    <ClCompile Include="src\GameApplication.cpp">
      <Filter>Source Files</Filter>
    </ClCompile>
    <ClCompile Include="src\Creature.cpp">
      <Filter>Source Files</Filter>
    </ClCompile>
    <ClCompile Include="src\BodyPartComponent.cpp">
      <Filter>Source Files</Filter>
    </ClCompile>
    <ClCompile Include="src\Base.cpp">
      <Filter>Source Files</Filter>
    </ClCompile>
    <ClCompile Include="src\BaseFactory.cpp">
      <Filter>Source Files</Filter>
    </ClCompile>
    <ClCompile Include="src\GameLevel.cpp">
      <Filter>Source Files</Filter>
    </ClCompile>
    <ClCompile Include="src\GameLevelManager.cpp">
      <Filter>Source Files</Filter>
    </ClCompile>
    <ClCompile Include="src\UI\TitleMenu.cpp">
      <Filter>Source Files</Filter>
    </ClCompile>
    <ClCompile Include="src\UI\TransitionMenu.cpp">
      <Filter>Source Files</Filter>
    </ClCompile>
    <ClCompile Include="src\ObjectEditorLevel.cpp">
      <Filter>Source Files</Filter>
    </ClCompile>
    <ClCompile Include="src\MapEditorLevel.cpp">
      <Filter>Source Files</Filter>
    </ClCompile>
    <ClCompile Include="src\UI\ObjectEditorMenu.cpp">
      <Filter>Source Files</Filter>
    </ClCompile>
    <ClCompile Include="src\UI\CreatureEditorMenu.cpp">
      <Filter>Source Files</Filter>
    </ClCompile>
    <ClCompile Include="src\UI\MapEditorMenu.cpp">
      <Filter>Source Files</Filter>
    </ClCompile>
    <ClCompile Include="src\UI\LevelEditorMenu.cpp">
      <Filter>Source Files</Filter>
    </ClCompile>
    <ClCompile Include="src\GameObjectSpawner.cpp">
      <Filter>Source Files</Filter>
    </ClCompile>
    <ClCompile Include="src\UI\PauseMenu.cpp">
      <Filter>Source Files</Filter>
    </ClCompile>
  </ItemGroup>
  <ItemGroup>
    <None Include="packages.config" />
    <None Include="bin\resources\fonts\myfile.spritefont" />
  </ItemGroup>
  <ItemGroup>
    <ClInclude Include="include\GameApplication.h">
      <Filter>Header Files</Filter>
    </ClInclude>
    <ClInclude Include="include\Creature.h">
      <Filter>Header Files</Filter>
    </ClInclude>
    <ClInclude Include="include\BodyPartComponent.h">
      <Filter>Header Files</Filter>
    </ClInclude>
    <ClInclude Include="include\Base.h">
      <Filter>Header Files</Filter>
    </ClInclude>
    <ClInclude Include="include\BaseFactory.h">
      <Filter>Header Files</Filter>
    </ClInclude>
    <ClInclude Include="include\GameLevel.h">
      <Filter>Header Files</Filter>
    </ClInclude>
    <ClInclude Include="include\GameLevelManager.h">
      <Filter>Header Files</Filter>
    </ClInclude>
    <ClInclude Include="include\UI\TitleMenu.h">
      <Filter>Header Files</Filter>
    </ClInclude>
    <ClInclude Include="include\GameAccessor.h">
      <Filter>Header Files</Filter>
    </ClInclude>
    <ClInclude Include="include\UI\TransitionMenu.h">
      <Filter>Header Files</Filter>
    </ClInclude>
    <ClInclude Include="include\ObjectEditorLevel.h">
      <Filter>Header Files</Filter>
    </ClInclude>
    <ClInclude Include="include\MapEditorLevel.h">
      <Filter>Header Files</Filter>
    </ClInclude>
    <ClInclude Include="include\UI\ObjectEditorMenu.h">
      <Filter>Header Files</Filter>
    </ClInclude>
    <ClInclude Include="include\UI\CreatureEditorMenu.h">
      <Filter>Header Files</Filter>
    </ClInclude>
    <ClInclude Include="include\UI\MapEditorMenu.h">
      <Filter>Header Files</Filter>
    </ClInclude>
    <ClInclude Include="include\UI\LevelEditorMenu.h">
      <Filter>Header Files</Filter>
    </ClInclude>
    <ClInclude Include="include\GameObjectSpawner.h">
      <Filter>Header Files</Filter>
    </ClInclude>
    <ClInclude Include="include\UI\PauseMenu.h">
      <Filter>Header Files</Filter>
    </ClInclude>
  </ItemGroup>
  <ItemGroup>
    <FxCompile Include="data\Shaders\SimplePixelShader.hlsl" />
    <FxCompile Include="data\Shaders\SimpleVertexShader.hlsl" />
  </ItemGroup>
</Project>